
Microsoft Visual Studio Solution File, Format Version 12.00
# Visual Studio Version 17
VisualStudioVersion = 17.3.32929.385
MinimumVisualStudioVersion = 10.0.40219.1
Project("{FAE04EC0-301F-11D3-BF4B-00C04F79EFBC}") = "22520085_VoDucAnh", "22520085_VoDucAnh\22520085_VoDucAnh.csproj", "{C41D538A-F978-417C-BFBC-CE786638FE7B}"
EndProject
Global
	GlobalSection(SolutionConfigurationPlatforms) = preSolution
		Debug|Any CPU = Debug|Any CPU
		Release|Any CPU = Release|Any CPU
	EndGlobalSection
	GlobalSection(ProjectConfigurationPlatforms) = postSolution
		{C41D538A-F978-417C-BFBC-CE786638FE7B}.Debug|Any CPU.ActiveCfg = Debug|Any CPU
		{C41D538A-F978-417C-BFBC-CE786638FE7B}.Debug|Any CPU.Build.0 = Debug|Any CPU
		{C41D538A-F978-417C-BFBC-CE786638FE7B}.Release|Any CPU.ActiveCfg = Release|Any CPU
		{C41D538A-F978-417C-BFBC-CE786638FE7B}.Release|Any CPU.Build.0 = Release|Any CPU
	EndGlobalSection
	GlobalSection(SolutionProperties) = preSolution
		HideSolutionNode = FALSE
	EndGlobalSection
	GlobalSection(ExtensibilityGlobals) = postSolution
		SolutionGuid = {BB754F21-9DE5-428A-834C-48CF7D4B64A0}
	EndGlobalSection
EndGlobal
